
Microsoft Visual Studio Solution File, Format Version 12.00
# Visual Studio Version 16
VisualStudioVersion = 16.0.29409.12
MinimumVisualStudioVersion = 10.0.40219.1
Project("{9A19103F-16F7-4668-BE54-9A1E7A4F7556}") = "CarShop", "CarShop\CarShop.csproj", "{3090C944-CAD6-40ED-B8F0-C48752CF7906}"
EndProject
Project("{9A19103F-16F7-4668-BE54-9A1E7A4F7556}") = "CarShop.BL", "CarShop.BL\CarShop.BL.csproj", "{06D7761C-55C0-4789-BB6F-8C435DF9C43D}"
EndProject
Global
	GlobalSection(SolutionConfigurationPlatforms) = preSolution
		Debug|Any CPU = Debug|Any CPU
		Release|Any CPU = Release|Any CPU
	EndGlobalSection
	GlobalSection(ProjectConfigurationPlatforms) = postSolution
		{3090C944-CAD6-40ED-B8F0-C48752CF7906}.Debug|Any CPU.ActiveCfg = Debug|Any CPU
		{3090C944-CAD6-40ED-B8F0-C48752CF7906}.Debug|Any CPU.Build.0 = Debug|Any CPU
		{3090C944-CAD6-40ED-B8F0-C48752CF7906}.Release|Any CPU.ActiveCfg = Release|Any CPU
		{3090C944-CAD6-40ED-B8F0-C48752CF7906}.Release|Any CPU.Build.0 = Release|Any CPU
		{06D7761C-55C0-4789-BB6F-8C435DF9C43D}.Debug|Any CPU.ActiveCfg = Debug|Any CPU
		{06D7761C-55C0-4789-BB6F-8C435DF9C43D}.Debug|Any CPU.Build.0 = Debug|Any CPU
		{06D7761C-55C0-4789-BB6F-8C435DF9C43D}.Release|Any CPU.ActiveCfg = Release|Any CPU
		{06D7761C-55C0-4789-BB6F-8C435DF9C43D}.Release|Any CPU.Build.0 = Release|Any CPU
	EndGlobalSection
	GlobalSection(SolutionProperties) = preSolution
		HideSolutionNode = FALSE
	EndGlobalSection
	GlobalSection(ExtensibilityGlobals) = postSolution
		SolutionGuid = {CF368600-C860-428E-9988-7656E109DB47}
	EndGlobalSection
EndGlobal
